PODS:
  - ActionCableClient (0.2.4):
    - Starscream (~> 3.0.3)
  - SnapKit (3.2.0)
  - Starscream (3.0.5)
  - SwiftyJSON (3.1.4)

DEPENDENCIES:
  - ActionCableClient (from `../`)
  - SnapKit
  - SwiftyJSON

SPEC REPOS:
  https://github.com/cocoapods/specs.git:
    - SnapKit
    - Starscream
    - SwiftyJSON

EXTERNAL SOURCES:
  ActionCableClient:
    :path: "../"

SPEC CHECKSUMS:
  ActionCableClient: 66326c0e47f8505dd24b3441a9c9ca2e43b6078a
  SnapKit: 1ca44df72cfa543218d177cb8aab029d10d86ea7
  Starscream: faf918b2f2eff7d5dd21180646bf015a669673bd
  SwiftyJSON: c2842d878f95482ffceec5709abc3d05680c0220

PODFILE CHECKSUM: dbc0283d807753c3c71ad17b82e66d2742059690

COCOAPODS: 1.5.3
